<?xml version="1.0" encoding="utf-8"?>
<Project ToolsVersion="4.0" xmlns="http://schemas.microsoft.com/developer/msbuild/2003">
  <ItemGroup>
    <Filter Include="Source Files">
      <UniqueIdentifier>{4FC737F1-C7A5-4376-A066-2A32D752A2FF}</UniqueIdentifier>
      <Extensions>qml;cpp;c;cc;cxx;def;odl;idl;hpj;bat;asm;asmx</Extensions>
    </Filter>
    <Filter Include="Header Files">
      <UniqueIdentifier>{93995380-89BD-4b04-88EB-625FBE52EBFB}</UniqueIdentifier>
      <Extensions>h;hh;hpp;hxx;hm;inl;inc;xsd</Extensions>
    </Filter>
    <Filter Include="Resource Files">
      <UniqueIdentifier>{67DA6AB6-F800-4c08-8B7A-83BB121AAD01}</UniqueIdentifier>
      <Extensions>qrc;rc;ico;cur;bmp;dlg;rc2;rct;bin;rgs;gif;jpg;jpeg;jpe;resx;tiff;tif;png;wav;mfcribbon-ms</Extensions>
    </Filter>
    <Filter Include="Form Files">
      <UniqueIdentifier>{99349809-55BA-4b9d-BF79-8FDBB0286EB3}</UniqueIdentifier>
      <Extensions>ui</Extensions>
    </Filter>
    <Filter Include="Translation Files">
      <UniqueIdentifier>{639EADAA-A684-42e4-A9AD-28FC9BCB8F7C}</UniqueIdentifier>
      <Extensions>ts</Extensions>
    </Filter>
    <Filter Include="Media">
      <UniqueIdentifier>{3d24f6ef-bdfd-400e-a3b1-867e7ba8c4b8}</UniqueIdentifier>
    </Filter>
    <Filter Include="Media\Logos">
      <UniqueIdentifier>{361cacaf-1e9f-428b-9aa6-aaaae65ae3a9}</UniqueIdentifier>
    </Filter>
    <Filter Include="DB">
      <UniqueIdentifier>{952f50af-8d9c-42b3-8353-2bbcf826460a}</UniqueIdentifier>
    </Filter>
  </ItemGroup>
  <ItemGroup>
    <QtRcc Include="Importandexportcompanymanagementsystem.qrc">
      <Filter>Resource Files</Filter>
    </QtRcc>
    <QtUic Include="Importandexportcompanymanagementsystem.ui">
      <Filter>Form Files</Filter>
    </QtUic>
    <ClCompile Include="Importandexportcompanymanagementsystem.cpp">
      <Filter>Source Files</Filter>
    </ClCompile>
  </ItemGroup>
  <ItemGroup>
    <ClCompile Include="main.cpp">
      <Filter>Source Files</Filter>
    </ClCompile>
    <ClCompile Include="Order.cpp">
      <Filter>Source Files</Filter>
    </ClCompile>
    <ClCompile Include="Person.cpp">
      <Filter>Source Files</Filter>
    </ClCompile>
    <ClCompile Include="Product.cpp">
      <Filter>Source Files</Filter>
    </ClCompile>
    <ClCompile Include="Promocode.cpp">
      <Filter>Source Files</Filter>
    </ClCompile>
    <ClCompile Include="Shipment.cpp">
      <Filter>Source Files</Filter>
    </ClCompile>
    <ClCompile Include="User.cpp">
      <Filter>Source Files</Filter>
    </ClCompile>
    <ClCompile Include="Vehicle.cpp">
      <Filter>Source Files</Filter>
    </ClCompile>
    <ClCompile Include="Account.cpp">
      <Filter>Source Files</Filter>
    </ClCompile>
    <ClCompile Include="Cart.cpp">
      <Filter>Source Files</Filter>
    </ClCompile>
    <ClCompile Include="Category.cpp">
      <Filter>Source Files</Filter>
    </ClCompile>
    <ClCompile Include="Date.cpp">
      <Filter>Source Files</Filter>
    </ClCompile>
    <ClCompile Include="Employee.cpp">
      <Filter>Source Files</Filter>
    </ClCompile>
    <ClCompile Include="Inventory.cpp">
      <Filter>Source Files</Filter>
    </ClCompile>
    <ClCompile Include="SystemStart.cpp">
      <Filter>Source Files</Filter>
    </ClCompile>
  </ItemGroup>
  <ItemGroup>
    <Image Include="D:\CSAI\Year 1\Semster 2\CSAI 151\Project\Import and export company management system\Media\Logo\facebook_cover_photo_1.png">
      <Filter>Media\Logos</Filter>
    </Image>
    <Image Include="D:\CSAI\Year 1\Semster 2\CSAI 151\Project\Import and export company management system\Media\Logo\facebook_cover_photo_2.png">
      <Filter>Media\Logos</Filter>
    </Image>
    <Image Include="D:\CSAI\Year 1\Semster 2\CSAI 151\Project\Import and export company management system\Media\Logo\facebook_profile_image.png">
      <Filter>Media\Logos</Filter>
    </Image>
    <Image Include="D:\CSAI\Year 1\Semster 2\CSAI 151\Project\Import and export company management system\Media\Logo\favicon.png">
      <Filter>Media\Logos</Filter>
    </Image>
    <Image Include="D:\CSAI\Year 1\Semster 2\CSAI 151\Project\Import and export company management system\Media\Logo\instagram_profile_image.png">
      <Filter>Media\Logos</Filter>
    </Image>
    <Image Include="D:\CSAI\Year 1\Semster 2\CSAI 151\Project\Import and export company management system\Media\Logo\linkedin_banner_image_1.png">
      <Filter>Media\Logos</Filter>
    </Image>
    <Image Include="D:\CSAI\Year 1\Semster 2\CSAI 151\Project\Import and export company management system\Media\Logo\linkedin_banner_image_2.png">
      <Filter>Media\Logos</Filter>
    </Image>
    <Image Include="D:\CSAI\Year 1\Semster 2\CSAI 151\Project\Import and export company management system\Media\Logo\linkedin_profile_image.png">
      <Filter>Media\Logos</Filter>
    </Image>
    <Image Include="D:\CSAI\Year 1\Semster 2\CSAI 151\Project\Import and export company management system\Media\Logo\logo.png">
      <Filter>Media\Logos</Filter>
    </Image>
    <Image Include="D:\CSAI\Year 1\Semster 2\CSAI 151\Project\Import and export company management system\Media\Logo\logo_transparent.png">
      <Filter>Media\Logos</Filter>
    </Image>
    <Image Include="D:\CSAI\Year 1\Semster 2\CSAI 151\Project\Import and export company management system\Media\Logo\pinterest_board_photo.png">
      <Filter>Media\Logos</Filter>
    </Image>
    <Image Include="D:\CSAI\Year 1\Semster 2\CSAI 151\Project\Import and export company management system\Media\Logo\pinterest_profile_image.png">
      <Filter>Media\Logos</Filter>
    </Image>
    <Image Include="D:\CSAI\Year 1\Semster 2\CSAI 151\Project\Import and export company management system\Media\Logo\twitter_header_photo_1.png">
      <Filter>Media\Logos</Filter>
    </Image>
    <Image Include="D:\CSAI\Year 1\Semster 2\CSAI 151\Project\Import and export company management system\Media\Logo\twitter_header_photo_2.png">
      <Filter>Media\Logos</Filter>
    </Image>
    <Image Include="D:\CSAI\Year 1\Semster 2\CSAI 151\Project\Import and export company management system\Media\Logo\twitter_profile_image.png">
      <Filter>Media\Logos</Filter>
    </Image>
    <Image Include="D:\CSAI\Year 1\Semster 2\CSAI 151\Project\Import and export company management system\Media\Logo\youtube_profile_image.png">
      <Filter>Media\Logos</Filter>
    </Image>
  </ItemGroup>
  <ItemGroup>
    <QtMoc Include="Importandexportcompanymanagementsystem.h">
      <Filter>Header Files</Filter>
    </QtMoc>
  </ItemGroup>
  <ItemGroup>
    <ClInclude Include="Account.h">
      <Filter>Header Files</Filter>
    </ClInclude>
    <ClInclude Include="Cart.h">
      <Filter>Header Files</Filter>
    </ClInclude>
    <ClInclude Include="Category.h">
      <Filter>Header Files</Filter>
    </ClInclude>
    <ClInclude Include="Date.h">
      <Filter>Header Files</Filter>
    </ClInclude>
    <ClInclude Include="Employee.h">
      <Filter>Header Files</Filter>
    </ClInclude>
    <ClInclude Include="Inventory.h">
      <Filter>Header Files</Filter>
    </ClInclude>
    <ClInclude Include="Order.h">
      <Filter>Header Files</Filter>
    </ClInclude>
    <ClInclude Include="Person.h">
      <Filter>Header Files</Filter>
    </ClInclude>
    <ClInclude Include="Product.h">
      <Filter>Header Files</Filter>
    </ClInclude>
    <ClInclude Include="Promocode.h">
      <Filter>Header Files</Filter>
    </ClInclude>
    <ClInclude Include="Shipment.h">
      <Filter>Header Files</Filter>
    </ClInclude>
    <ClInclude Include="User.h">
      <Filter>Header Files</Filter>
    </ClInclude>
    <ClInclude Include="Vehicle.h">
      <Filter>Header Files</Filter>
    </ClInclude>
    <ClInclude Include="SystemStart.h">
      <Filter>Header Files</Filter>
    </ClInclude>
  </ItemGroup>
  <ItemGroup>
    <None Include="DB\employee.csv">
      <Filter>DB</Filter>
    </None>
    <None Include="DB\user.csv">
      <Filter>DB</Filter>
    </None>
    <None Include="DB\userAndEmployeeData.csv">
      <Filter>DB</Filter>
    </None>
  </ItemGroup>
</Project>